
Microsoft Visual Studio Solution File, Format Version 12.00
# Visual Studio Version 17
VisualStudioVersion = 17.5.002.0
MinimumVisualStudioVersion = 10.0.40219.1
Project("{9A19103F-16F7-4668-BE54-9A1E7A4F7556}") = "PenPro", "PenPro.csproj", "{BD37A9D4-F3C4-4644-BE94-B7AA39139FA3}"
EndProject
Global
	GlobalSection(SolutionConfigurationPlatforms) = preSolution
		Debug|Any CPU = Debug|Any CPU
		Release|Any CPU = Release|Any CPU
	EndGlobalSection
	GlobalSection(ProjectConfigurationPlatforms) = postSolution
		{BD37A9D4-F3C4-4644-BE94-B7AA39139FA3}.Debug|Any CPU.ActiveCfg = Debug|Any CPU
		{BD37A9D4-F3C4-4644-BE94-B7AA39139FA3}.Debug|Any CPU.Build.0 = Debug|Any CPU
		{BD37A9D4-F3C4-4644-BE94-B7AA39139FA3}.Release|Any CPU.ActiveCfg = Release|Any CPU
		{BD37A9D4-F3C4-4644-BE94-B7AA39139FA3}.Release|Any CPU.Build.0 = Release|Any CPU
	EndGlobalSection
	GlobalSection(SolutionProperties) = preSolution
		HideSolutionNode = FALSE
	EndGlobalSection
	GlobalSection(ExtensibilityGlobals) = postSolution
		SolutionGuid = {392FC2CE-10C8-44F9-9628-BC66ED7DB198}
	EndGlobalSection
EndGlobal
